
Microsoft Visual Studio Solution File, Format Version 12.00
# Visual Studio Version 17
VisualStudioVersion = 17.2.32526.322
MinimumVisualStudioVersion = 10.0.40219.1
Project("{FAE04EC0-301F-11D3-BF4B-00C04F79EFBC}") = "SectionLayout", "SectionLayout\SectionLayout.csproj", "{9E615048-C8C4-4822-BC63-5385E2DF01C5}"
EndProject
Global
	GlobalSection(SolutionConfigurationPlatforms) = preSolution
		Debug|Any CPU = Debug|Any CPU
		Release|Any CPU = Release|Any CPU
	EndGlobalSection
	GlobalSection(ProjectConfigurationPlatforms) = postSolution
		{9E615048-C8C4-4822-BC63-5385E2DF01C5}.Debug|Any CPU.ActiveCfg = Debug|Any CPU
		{9E615048-C8C4-4822-BC63-5385E2DF01C5}.Debug|Any CPU.Build.0 = Debug|Any CPU
		{9E615048-C8C4-4822-BC63-5385E2DF01C5}.Release|Any CPU.ActiveCfg = Release|Any CPU
		{9E615048-C8C4-4822-BC63-5385E2DF01C5}.Release|Any CPU.Build.0 = Release|Any CPU
	EndGlobalSection
	GlobalSection(SolutionProperties) = preSolution
		HideSolutionNode = FALSE
	EndGlobalSection
	GlobalSection(ExtensibilityGlobals) = postSolution
		SolutionGuid = {FD329C87-8645-42C9-87F0-8C4DB695D25E}
	EndGlobalSection
EndGlobal
